
Microsoft Visual Studio Solution File, Format Version 12.00
# Visual Studio 14
VisualStudioVersion = 14.0.24720.0
MinimumVisualStudioVersion = 10.0.40219.1
Project("{2150E333-8FDC-42A3-9474-1A3956D46DE8}") = "src", "src", "{4C2C64D2-EA54-4495-9F41-FC5A7453EE51}"
EndProject
Project("{2150E333-8FDC-42A3-9474-1A3956D46DE8}") = "Solution Items", "Solution Items", "{83E3459E-376E-48E5-87C7-0B4F4084DEA9}"
	ProjectSection(SolutionItems) = preProject
		global.json = global.json
	EndProjectSection
EndProject
Project("{8BB2217D-0F2D-49D1-97BC-3654ED321F3B}") = "ImkStala", "src\ImkStala\ImkStala.xproj", "{B5C62C48-9A5D-4D1C-99D8-9B3F639D3EA4}"
EndProject
Global
	GlobalSection(SolutionConfigurationPlatforms) = preSolution
		Debug|Any CPU = Debug|Any CPU
		Release|Any CPU = Release|Any CPU
	EndGlobalSection
	GlobalSection(ProjectConfigurationPlatforms) = postSolution
		{B5C62C48-9A5D-4D1C-99D8-9B3F639D3EA4}.Debug|Any CPU.ActiveCfg = Debug|Any CPU
		{B5C62C48-9A5D-4D1C-99D8-9B3F639D3EA4}.Debug|Any CPU.Build.0 = Debug|Any CPU
		{B5C62C48-9A5D-4D1C-99D8-9B3F639D3EA4}.Release|Any CPU.ActiveCfg = Release|Any CPU
		{B5C62C48-9A5D-4D1C-99D8-9B3F639D3EA4}.Release|Any CPU.Build.0 = Release|Any CPU
	EndGlobalSection
	GlobalSection(SolutionProperties) = preSolution
		HideSolutionNode = FALSE
	EndGlobalSection
	GlobalSection(NestedProjects) = preSolution
		{B5C62C48-9A5D-4D1C-99D8-9B3F639D3EA4} = {4C2C64D2-EA54-4495-9F41-FC5A7453EE51}
	EndGlobalSection
EndGlobal
